// !$*UTF8*$!
{
	archiveVersion = 1;
	classes = {
	};
	objectVersion = 50;
	objects = {

/* Begin PBXBuildFile section */
		733DD49C2318303D001C1855 /* AppDelegate.m in Sources */ = {isa = PBXBuildFile; fileRef = 733DD49B2318303D001C1855 /* AppDelegate.m */; };
		733DD49F2318303D001C1855 /* ViewController.m in Sources */ = {isa = PBXBuildFile; fileRef = 733DD49E2318303D001C1855 /* ViewController.m */; };
		733DD4A22318303D001C1855 /* Main.storyboard in Resources */ = {isa = PBXBuildFile; fileRef = 733DD4A02318303D001C1855 /* Main.storyboard */; };
		733DD4A42318303E001C1855 /* Assets.xcassets in Resources */ = {isa = PBXBuildFile; fileRef = 733DD4A32318303E001C1855 /* Assets.xcassets */; };
		733DD4A72318303E001C1855 /* LaunchScreen.storyboard in Resources */ = {isa = PBXBuildFile; fileRef = 733DD4A52318303E001C1855 /* LaunchScreen.storyboard */; };
		733DD4AA2318303E001C1855 /* main.m in Sources */ = {isa = PBXBuildFile; fileRef = 733DD4A92318303E001C1855 /* main.m */; };
		733DD4B323183079001C1855 /* FlyRequestProtocol.swift in Sources */ = {isa = PBXBuildFile; fileRef = 733DD4B223183079001C1855 /* FlyRequestProtocol.swift */; };
		733DD4B52318312A001C1855 /* FlyRequest.swift in Sources */ = {isa = PBXBuildFile; fileRef = 733DD4B42318312A001C1855 /* FlyRequest.swift */; };
/* End PBXBuildFile section */

/* Begin PBXFileReference section */
		733DD4972318303D001C1855 /* FlyNet.app */ = {isa = PBXFileReference; explicitFileType = wrapper.application; includeInIndex = 0; path = FlyNet.app; sourceTree = BUILT_PRODUCTS_DIR; };
		733DD49A2318303D001C1855 /* AppDelegate.h */ = {isa = PBXFileReference; lastKnownFileType = sourcecode.c.h; path = AppDelegate.h; sourceTree = "<group>"; };
		733DD49B2318303D001C1855 /* AppDelegate.m */ = {isa = PBXFileReference; lastKnownFileType = sourcecode.c.objc; path = AppDelegate.m; sourceTree = "<group>"; };
		733DD49D2318303D001C1855 /* ViewController.h */ = {isa = PBXFileReference; lastKnownFileType = sourcecode.c.h; path = ViewController.h; sourceTree = "<group>"; };
		733DD49E2318303D001C1855 /* ViewController.m */ = {isa = PBXFileReference; lastKnownFileType = sourcecode.c.objc; path = ViewController.m; sourceTree = "<group>"; };
		733DD4A12318303D001C1855 /* Base */ = {isa = PBXFileReference; lastKnownFileType = file.storyboard; name = Base; path = Base.lproj/Main.storyboard; sourceTree = "<group>"; };
		733DD4A32318303E001C1855 /* Assets.xcassets */ = {isa = PBXFileReference; lastKnownFileType = folder.assetcatalog; path = Assets.xcassets; sourceTree = "<group>"; };
		733DD4A62318303E001C1855 /* Base */ = {isa = PBXFileReference; lastKnownFileType = file.storyboard; name = Base; path = Base.lproj/LaunchScreen.storyboard; sourceTree = "<group>"; };
		733DD4A82318303E001C1855 /* Info.plist */ = {isa = PBXFileReference; lastKnownFileType = text.plist.xml; path = Info.plist; sourceTree = "<group>"; };
		733DD4A92318303E001C1855 /* main.m */ = {isa = PBXFileReference; lastKnownFileType = sourcecode.c.objc; path = main.m; sourceTree = "<group>"; };
		733DD4B123183079001C1855 /* FlyNet-Bridging-Header.h */ = {isa = PBXFileReference; lastKnownFileType = sourcecode.c.h; path = "FlyNet-Bridging-Header.h"; sourceTree = "<group>"; };
		733DD4B223183079001C1855 /* FlyRequestProtocol.swift */ = {isa = PBXFileReference; lastKnownFileType = sourcecode.swift; path = FlyRequestProtocol.swift; sourceTree = "<group>"; };
		733DD4B42318312A001C1855 /* FlyRequest.swift */ = {isa = PBXFileReference; lastKnownFileType = sourcecode.swift; path = FlyRequest.swift; sourceTree = "<group>"; };
/* End PBXFileReference section */

/* Begin PBXFrameworksBuildPhase section */
		733DD4942318303D001C1855 /* Frameworks */ = {
			isa = PBXFrameworksBuildPhase;
			buildActionMask = 2147483647;
			files = (
			);
			runOnlyForDeploymentPostprocessing = 0;
		};
/* End PBXFrameworksBuildPhase section */

/* Begin PBXGroup section */
		733DD48E2318303D001C1855 = {
			isa = PBXGroup;
			children = (
				733DD4B623183310001C1855 /* Biz */,
				733DD4B023183047001C1855 /* Core */,
				733DD4992318303D001C1855 /* FlyNet */,
				733DD4982318303D001C1855 /* Products */,
			);
			sourceTree = "<group>";
		};
		733DD4982318303D001C1855 /* Products */ = {
			isa = PBXGroup;
			children = (
				733DD4972318303D001C1855 /* FlyNet.app */,
			);
			name = Products;
			sourceTree = "<group>";
		};
		733DD4992318303D001C1855 /* FlyNet */ = {
			isa = PBXGroup;
			children = (
				733DD49A2318303D001C1855 /* AppDelegate.h */,
				733DD49B2318303D001C1855 /* AppDelegate.m */,
				733DD49D2318303D001C1855 /* ViewController.h */,
				733DD49E2318303D001C1855 /* ViewController.m */,
				733DD4A02318303D001C1855 /* Main.storyboard */,
				733DD4A32318303E001C1855 /* Assets.xcassets */,
				733DD4A52318303E001C1855 /* LaunchScreen.storyboard */,
				733DD4A82318303E001C1855 /* Info.plist */,
				733DD4A92318303E001C1855 /* main.m */,
			);
			path = FlyNet;
			sourceTree = "<group>";
		};
		733DD4B023183047001C1855 /* Core */ = {
			isa = PBXGroup;
			children = (
				733DD4B223183079001C1855 /* FlyRequestProtocol.swift */,
				733DD4B123183079001C1855 /* FlyNet-Bridging-Header.h */,
				733DD4B42318312A001C1855 /* FlyRequest.swift */,
			);
			path = Core;
			sourceTree = "<group>";
		};
		733DD4B623183310001C1855 /* Biz */ = {
			isa = PBXGroup;
			children = (
			);
			path = Biz;
			sourceTree = "<group>";
		};
/* End PBXGroup section */

/* Begin PBXNativeTarget section */
		733DD4962318303D001C1855 /* FlyNet */ = {
			isa = PBXNativeTarget;
			buildConfigurationList = 733DD4AD2318303E001C1855 /* Build configuration list for PBXNativeTarget "FlyNet" */;
			buildPhases = (
				733DD4932318303D001C1855 /* Sources */,
				733DD4942318303D001C1855 /* Frameworks */,
				733DD4952318303D001C1855 /* Resources */,
			);
			buildRules = (
			);
			dependencies = (
			);
			name = FlyNet;
			productName = FlyNet;
			productReference = 733DD4972318303D001C1855 /* FlyNet.app */;
			productType = "com.apple.product-type.application";
		};
/* End PBXNativeTarget section */

/* Begin PBXProject section */
		733DD48F2318303D001C1855 /* Project object */ = {
			isa = PBXProject;
			attributes = {
				LastUpgradeCheck = 1010;
				ORGANIZATIONNAME = DUSTSKY;
				TargetAttributes = {
					733DD4962318303D001C1855 = {
						CreatedOnToolsVersion = 10.1;
						LastSwiftMigration = 1010;
					};
				};
			};
			buildConfigurationList = 733DD4922318303D001C1855 /* Build configuration list for PBXProject "FlyNet" */;
			compatibilityVersion = "Xcode 9.3";
			developmentRegion = en;
			hasScannedForEncodings = 0;
			knownRegions = (
				en,
				Base,
			);
			mainGroup = 733DD48E2318303D001C1855;
			productRefGroup = 733DD4982318303D001C1855 /* Products */;
			projectDirPath = "";
			projectRoot = "";
			targets = (
				733DD4962318303D001C1855 /* FlyNet */,
			);
		};
/* End PBXProject section */

/* Begin PBXResourcesBuildPhase section */
		733DD4952318303D001C1855 /* Resources */ = {
			isa = PBXResourcesBuildPhase;
			buildActionMask = 2147483647;
			files = (
				733DD4A72318303E001C1855 /* LaunchScreen.storyboard in Resources */,
				733DD4A42318303E001C1855 /* Assets.xcassets in Resources */,
				733DD4A22318303D001C1855 /* Main.storyboard in Resources */,
			);
			runOnlyForDeploymentPostprocessing = 0;
		};
/* End PBXResourcesBuildPhase section */

/* Begin PBXSourcesBuildPhase section */
		733DD4932318303D001C1855 /* Sources */ = {
			isa = PBXSourcesBuildPhase;
			buildActionMask = 2147483647;
			files = (
				733DD49F2318303D001C1855 /* ViewController.m in Sources */,
				733DD4B323183079001C1855 /* FlyRequestProtocol.swift in Sources */,
				733DD4AA2318303E001C1855 /* main.m in Sources */,
				733DD4B52318312A001C1855 /* FlyRequest.swift in Sources */,
				733DD49C2318303D001C1855 /* AppDelegate.m in Sources */,
			);
			runOnlyForDeploymentPostprocessing = 0;
		};
/* End PBXSourcesBuildPhase section */

/* Begin PBXVariantGroup section */
		733DD4A02318303D001C1855 /* Main.storyboard */ = {
			isa = PBXVariantGroup;
			children = (
				733DD4A12318303D001C1855 /* Base */,
			);
			name = Main.storyboard;
			sourceTree = "<group>";
		};
		733DD4A52318303E001C1855 /* LaunchScreen.storyboard */ = {
			isa = PBXVariantGroup;
			children = (
				733DD4A62318303E001C1855 /* Base */,
			);
			name = LaunchScreen.storyboard;
			sourceTree = "<group>";
		};
/* End PBXVariantGroup section */

/* Begin XCBuildConfiguration section */
		733DD4AB2318303E001C1855 /* Debug */ = {
			isa = XCBuildConfiguration;
			buildSettings = {
				ALWAYS_SEARCH_USER_PATHS = NO;
				CLANG_ANALYZER_NONNULL = YES;
				CLANG_ANALYZER_NUMBER_OBJECT_CONVERSION = YES_AGGRESSIVE;
				CLANG_CXX_LANGUAGE_STANDARD = "gnu++14";
				CLANG_CXX_LIBRARY = "libc++";
				CLANG_ENABLE_MODULES = YES;
				CLANG_ENABLE_OBJC_ARC = YES;
				CLANG_ENABLE_OBJC_WEAK = YES;
				CLANG_WARN_BLOCK_CAPTURE_AUTORELEASING = YES;
				CLANG_WARN_BOOL_CONVERSION = YES;
				CLANG_WARN_COMMA = YES;
				CLANG_WARN_CONSTANT_CONVERSION = YES;
				CLANG_WARN_DEPRECATED_OBJC_IMPLEMENTATIONS = YES;
				CLANG_WARN_DIRECT_OBJC_ISA_USAGE = YES_ERROR;
				CLANG_WARN_DOCUMENTATION_COMMENTS = YES;
				CLANG_WARN_EMPTY_BODY = YES;
				CLANG_WARN_ENUM_CONVERSION = YES;
				CLANG_WARN_INFINITE_RECURSION = YES;
				CLANG_WARN_INT_CONVERSION = YES;
				CLANG_WARN_NON_LITERAL_NULL_CONVERSION = YES;
				CLANG_WARN_OBJC_IMPLICIT_RETAIN_SELF = YES;
				CLANG_WARN_OBJC_LITERAL_CONVERSION = YES;
				CLANG_WARN_OBJC_ROOT_CLASS = YES_ERROR;
				CLANG_WARN_RANGE_LOOP_ANALYSIS = YES;
				CLANG_WARN_STRICT_PROTOTYPES = YES;
				CLANG_WARN_SUSPICIOUS_MOVE = YES;
				CLANG_WARN_UNGUARDED_AVAILABILITY = YES_AGGRESSIVE;
				CLANG_WARN_UNREACHABLE_CODE = YES;
				CLANG_WARN__DUPLICATE_METHOD_MATCH = YES;
				CODE_SIGN_IDENTITY = "iPhone Developer";
				COPY_PHASE_STRIP = NO;
				DEBUG_INFORMATION_FORMAT = dwarf;
				ENABLE_STRICT_OBJC_MSGSEND = YES;
				ENABLE_TESTABILITY = YES;
				GCC_C_LANGUAGE_STANDARD = gnu11;
				GCC_DYNAMIC_NO_PIC = NO;
				GCC_NO_COMMON_BLOCKS = YES;
				GCC_OPTIMIZATION_LEVEL = 0;
				GCC_PREPROCESSOR_DEFINITIONS = (
					"DEBUG=1",
					"$(inherited)",
				);
				GCC_WARN_64_TO_32_BIT_CONVERSION = YES;
				GCC_WARN_ABOUT_RETURN_TYPE = YES_ERROR;
				GCC_WARN_UNDECLARED_SELECTOR = YES;
				GCC_WARN_UNINITIALIZED_AUTOS = YES_AGGRESSIVE;
				GCC_WARN_UNUSED_FUNCTION = YES;
				GCC_WARN_UNUSED_VARIABLE = YES;
				IPHONEOS_DEPLOYMENT_TARGET = 12.1;
				MTL_ENABLE_DEBUG_INFO = INCLUDE_SOURCE;
				MTL_FAST_MATH = YES;
				ONLY_ACTIVE_ARCH = YES;
				SDKROOT = iphoneos;
			};
			name = Debug;
		};
		733DD4AC2318303E001C1855 /* Release */ = {
			isa = XCBuildConfiguration;
			buildSettings = {
				ALWAYS_SEARCH_USER_PATHS = NO;
				CLANG_ANALYZER_NONNULL = YES;
				CLANG_ANALYZER_NUMBER_OBJECT_CONVERSION = YES_AGGRESSIVE;
				CLANG_CXX_LANGUAGE_STANDARD = "gnu++14";
				CLANG_CXX_LIBRARY = "libc++";
				CLANG_ENABLE_MODULES = YES;
				CLANG_ENABLE_OBJC_ARC = YES;
				CLANG_ENABLE_OBJC_WEAK = YES;
				CLANG_WARN_BLOCK_CAPTURE_AUTORELEASING = YES;
				CLANG_WARN_BOOL_CONVERSION = YES;
				CLANG_WARN_COMMA = YES;
				CLANG_WARN_CONSTANT_CONVERSION = YES;
				CLANG_WARN_DEPRECATED_OBJC_IMPLEMENTATIONS = YES;
				CLANG_WARN_DIRECT_OBJC_ISA_USAGE = YES_ERROR;
				CLANG_WARN_DOCUMENTATION_COMMENTS = YES;
				CLANG_WARN_EMPTY_BODY = YES;
				CLANG_WARN_ENUM_CONVERSION = YES;
				CLANG_WARN_INFINITE_RECURSION = YES;
				CLANG_WARN_INT_CONVERSION = YES;
				CLANG_WARN_NON_LITERAL_NULL_CONVERSION = YES;
				CLANG_WARN_OBJC_IMPLICIT_RETAIN_SELF = YES;
				CLANG_WARN_OBJC_LITERAL_CONVERSION = YES;
				CLANG_WARN_OBJC_ROOT_CLASS = YES_ERROR;
				CLANG_WARN_RANGE_LOOP_ANALYSIS = YES;
				CLANG_WARN_STRICT_PROTOTYPES = YES;
				CLANG_WARN_SUSPICIOUS_MOVE = YES;
				CLANG_WARN_UNGUARDED_AVAILABILITY = YES_AGGRESSIVE;
				CLANG_WARN_UNREACHABLE_CODE = YES;
				CLANG_WARN__DUPLICATE_METHOD_MATCH = YES;
				CODE_SIGN_IDENTITY = "iPhone Developer";
				COPY_PHASE_STRIP = NO;
				DEBUG_INFORMATION_FORMAT = "dwarf-with-dsym";
				ENABLE_NS_ASSERTIONS = NO;
				ENABLE_STRICT_OBJC_MSGSEND = YES;
				GCC_C_LANGUAGE_STANDARD = gnu11;
				GCC_NO_COMMON_BLOCKS = YES;
				GCC_WARN_64_TO_32_BIT_CONVERSION = YES;
				GCC_WARN_ABOUT_RETURN_TYPE = YES_ERROR;
				GCC_WARN_UNDECLARED_SELECTOR = YES;
				GCC_WARN_UNINITIALIZED_AUTOS = YES_AGGRESSIVE;
				GCC_WARN_UNUSED_FUNCTION = YES;
				GCC_WARN_UNUSED_VARIABLE = YES;
				IPHONEOS_DEPLOYMENT_TARGET = 12.1;
				MTL_ENABLE_DEBUG_INFO = NO;
				MTL_FAST_MATH = YES;
				SDKROOT = iphoneos;
				VALIDATE_PRODUCT = YES;
			};
			name = Release;
		};
		733DD4AE2318303E001C1855 /* Debug */ = {
			isa = XCBuildConfiguration;
			buildSettings = {
				ASSETCATALOG_COMPILER_APPICON_NAME = AppIcon;
				CLANG_ENABLE_MODULES = YES;
				CODE_SIGN_STYLE = Automatic;
				DEVELOPMENT_TEAM = PN6EY3XZ6K;
				INFOPLIST_FILE = FlyNet/Info.plist;
				LD_RUNPATH_SEARCH_PATHS = (
					"$(inherited)",
					"@executable_path/Frameworks",
				);
				PRODUCT_BUNDLE_IDENTIFIER = COM.CODERMY.FlyNet;
				PRODUCT_NAME = "$(TARGET_NAME)";
				SWIFT_OBJC_BRIDGING_HEADER = "Core/FlyNet-Bridging-Header.h";
				SWIFT_OPTIMIZATION_LEVEL = "-Onone";
				SWIFT_VERSION = 4.2;
				TARGETED_DEVICE_FAMILY = "1,2";
			};
			name = Debug;
		};
		733DD4AF2318303E001C1855 /* Release */ = {
			isa = XCBuildConfiguration;
			buildSettings = {
				ASSETCATALOG_COMPILER_APPICON_NAME = AppIcon;
				CLANG_ENABLE_MODULES = YES;
				CODE_SIGN_STYLE = Automatic;
				DEVELOPMENT_TEAM = PN6EY3XZ6K;
				INFOPLIST_FILE = FlyNet/Info.plist;
				LD_RUNPATH_SEARCH_PATHS = (
					"$(inherited)",
					"@executable_path/Frameworks",
				);
				PRODUCT_BUNDLE_IDENTIFIER = COM.CODERMY.FlyNet;
				PRODUCT_NAME = "$(TARGET_NAME)";
				SWIFT_OBJC_BRIDGING_HEADER = "Core/FlyNet-Bridging-Header.h";
				SWIFT_VERSION = 4.2;
				TARGETED_DEVICE_FAMILY = "1,2";
			};
			name = Release;
		};
/* End XCBuildConfiguration section */

/* Begin XCConfigurationList section */
		733DD4922318303D001C1855 /* Build configuration list for PBXProject "FlyNet" */ = {
			isa = XCConfigurationList;
			buildConfigurations = (
				733DD4AB2318303E001C1855 /* Debug */,
				733DD4AC2318303E001C1855 /* Release */,
			);
			defaultConfigurationIsVisible = 0;
			defaultConfigurationName = Release;
		};
		733DD4AD2318303E001C1855 /* Build configuration list for PBXNativeTarget "FlyNet" */ = {
			isa = XCConfigurationList;
			buildConfigurations = (
				733DD4AE2318303E001C1855 /* Debug */,
				733DD4AF2318303E001C1855 /* Release */,
			);
			defaultConfigurationIsVisible = 0;
			defaultConfigurationName = Release;
		};
/* End XCConfigurationList section */
	};
	rootObject = 733DD48F2318303D001C1855 /* Project object */;
}
